
Microsoft Visual Studio Solution File, Format Version 12.00
# Visual Studio Version 16
VisualStudioVersion = 16.0.30711.63
MinimumVisualStudioVersion = 10.0.40219.1
Project("{FAE04EC0-301F-11D3-BF4B-00C04F79EFBC}") = "RedDeadAPI", "RedDeadAPI\RedDeadAPI.csproj", "{0CC6F221-E9D9-4E34-A2CD-DF64C90CCD1D}"
EndProject
Global
	GlobalSection(SolutionConfigurationPlatforms) = preSolution
		Debug|Any CPU = Debug|Any CPU
		Release|Any CPU = Release|Any CPU
	EndGlobalSection
	GlobalSection(ProjectConfigurationPlatforms) = postSolution
		{0CC6F221-E9D9-4E34-A2CD-DF64C90CCD1D}.Debug|Any CPU.ActiveCfg = Debug|Any CPU
		{0CC6F221-E9D9-4E34-A2CD-DF64C90CCD1D}.Debug|Any CPU.Build.0 = Debug|Any CPU
		{0CC6F221-E9D9-4E34-A2CD-DF64C90CCD1D}.Release|Any CPU.ActiveCfg = Release|Any CPU
		{0CC6F221-E9D9-4E34-A2CD-DF64C90CCD1D}.Release|Any CPU.Build.0 = Release|Any CPU
	EndGlobalSection
	GlobalSection(SolutionProperties) = preSolution
		HideSolutionNode = FALSE
	EndGlobalSection
	GlobalSection(ExtensibilityGlobals) = postSolution
		SolutionGuid = {3720B78B-58C0-4224-8B03-260FCB1433A6}
	EndGlobalSection
EndGlobal
